# This file is automatically @generated by Cargo.
# It is not intended for manual editing.
version = 4

[[package]]
name = "common"
version = "0.1.0"

[[package]]
name = "redis-like-client"
version = "0.1.0"
dependencies = [
 "common",
]

[[package]]
name = "redis-like-server"
version = "0.1.0"
dependencies = [
 "common",
]
